
Microsoft Visual Studio Solution File, Format Version 12.00
# Visual Studio Version 17
VisualStudioVersion = 17.5.33516.290
MinimumVisualStudioVersion = 10.0.40219.1
Project("{FAE04EC0-301F-11D3-BF4B-00C04F79EFBC}") = "ErrorHanlding", "ErrorHanlding.csproj", "{75BEA4B5-E82D-4862-8CDF-52627389D918}"
EndProject
Global
	GlobalSection(SolutionConfigurationPlatforms) = preSolution
		Debug|Any CPU = Debug|Any CPU
		Release|Any CPU = Release|Any CPU
	EndGlobalSection
	GlobalSection(ProjectConfigurationPlatforms) = postSolution
		{75BEA4B5-E82D-4862-8CDF-52627389D918}.Debug|Any CPU.ActiveCfg = Debug|Any CPU
		{75BEA4B5-E82D-4862-8CDF-52627389D918}.Debug|Any CPU.Build.0 = Debug|Any CPU
		{75BEA4B5-E82D-4862-8CDF-52627389D918}.Release|Any CPU.ActiveCfg = Release|Any CPU
		{75BEA4B5-E82D-4862-8CDF-52627389D918}.Release|Any CPU.Build.0 = Release|Any CPU
	EndGlobalSection
	GlobalSection(SolutionProperties) = preSolution
		HideSolutionNode = FALSE
	EndGlobalSection
	GlobalSection(ExtensibilityGlobals) = postSolution
		SolutionGuid = {1E87F66E-1C90-4EF3-9752-E2D45A59DDB7}
	EndGlobalSection
EndGlobal
